
Microsoft Visual Studio Solution File, Format Version 12.00
# Visual Studio Version 17
VisualStudioVersion = 17.6.33829.357
MinimumVisualStudioVersion = 10.0.40219.1
Project("{9A19103F-16F7-4668-BE54-9A1E7A4F7556}") = "Zeepkist.Freelook", "Zeepkist.Freelook\Zeepkist.Freelook.csproj", "{89FF0044-5308-4D0D-8723-8B00AD64567D}"
EndProject
Global
	GlobalSection(SolutionConfigurationPlatforms) = preSolution
		Debug|Any CPU = Debug|Any CPU
		Release|Any CPU = Release|Any CPU
	EndGlobalSection
	GlobalSection(ProjectConfigurationPlatforms) = postSolution
		{89FF0044-5308-4D0D-8723-8B00AD64567D}.Debug|Any CPU.ActiveCfg = Debug|Any CPU
		{89FF0044-5308-4D0D-8723-8B00AD64567D}.Debug|Any CPU.Build.0 = Debug|Any CPU
		{89FF0044-5308-4D0D-8723-8B00AD64567D}.Release|Any CPU.ActiveCfg = Release|Any CPU
		{89FF0044-5308-4D0D-8723-8B00AD64567D}.Release|Any CPU.Build.0 = Release|Any CPU
	EndGlobalSection
	GlobalSection(SolutionProperties) = preSolution
		HideSolutionNode = FALSE
	EndGlobalSection
	GlobalSection(ExtensibilityGlobals) = postSolution
		SolutionGuid = {B39BE7A4-FC64-40AA-B0C4-D46639728B33}
	EndGlobalSection
EndGlobal
